
Microsoft Visual Studio Solution File, Format Version 12.00
# Visual Studio Version 17
VisualStudioVersion = 17.0.32014.148
MinimumVisualStudioVersion = 10.0.40219.1
Project("{FAE04EC0-301F-11D3-BF4B-00C04F79EFBC}") = "SD340Labs", "SD340Labs\SD340Labs.csproj", "{A75522AE-1B1C-4B50-941B-69C1148D7999}"
EndProject
Global
	GlobalSection(SolutionConfigurationPlatforms) = preSolution
		Debug|Any CPU = Debug|Any CPU
		Release|Any CPU = Release|Any CPU
	EndGlobalSection
	GlobalSection(ProjectConfigurationPlatforms) = postSolution
		{A75522AE-1B1C-4B50-941B-69C1148D7999}.Debug|Any CPU.ActiveCfg = Debug|Any CPU
		{A75522AE-1B1C-4B50-941B-69C1148D7999}.Debug|Any CPU.Build.0 = Debug|Any CPU
		{A75522AE-1B1C-4B50-941B-69C1148D7999}.Release|Any CPU.ActiveCfg = Release|Any CPU
		{A75522AE-1B1C-4B50-941B-69C1148D7999}.Release|Any CPU.Build.0 = Release|Any CPU
	EndGlobalSection
	GlobalSection(SolutionProperties) = preSolution
		HideSolutionNode = FALSE
	EndGlobalSection
	GlobalSection(ExtensibilityGlobals) = postSolution
		SolutionGuid = {E1407E7C-7F86-4DEE-BF7C-16B3D2E26090}
	EndGlobalSection
EndGlobal
